
Microsoft Visual Studio Solution File, Format Version 12.00
# Visual Studio Version 16
VisualStudioVersion = 16.0.31129.286
MinimumVisualStudioVersion = 10.0.40219.1
Project("{FAE04EC0-301F-11D3-BF4B-00C04F79EFBC}") = "AvaloniaApplication39_StyleTriggers", "AvaloniaApplication39_StyleTriggers.csproj", "{F2581A52-6EFD-42B3-9F7B-76CB3EC6CF2E}"
EndProject
Global
	GlobalSection(SolutionConfigurationPlatforms) = preSolution
		Debug|Any CPU = Debug|Any CPU
		Release|Any CPU = Release|Any CPU
	EndGlobalSection
	GlobalSection(ProjectConfigurationPlatforms) = postSolution
		{F2581A52-6EFD-42B3-9F7B-76CB3EC6CF2E}.Debug|Any CPU.ActiveCfg = Debug|Any CPU
		{F2581A52-6EFD-42B3-9F7B-76CB3EC6CF2E}.Debug|Any CPU.Build.0 = Debug|Any CPU
		{F2581A52-6EFD-42B3-9F7B-76CB3EC6CF2E}.Release|Any CPU.ActiveCfg = Release|Any CPU
		{F2581A52-6EFD-42B3-9F7B-76CB3EC6CF2E}.Release|Any CPU.Build.0 = Release|Any CPU
	EndGlobalSection
	GlobalSection(SolutionProperties) = preSolution
		HideSolutionNode = FALSE
	EndGlobalSection
	GlobalSection(ExtensibilityGlobals) = postSolution
		SolutionGuid = {7BF8EB32-0D3D-4ED5-8177-6D393AB27DC5}
	EndGlobalSection
EndGlobal
