
Microsoft Visual Studio Solution File, Format Version 12.00
# Visual Studio Version 16
VisualStudioVersion = 16.0.31729.503
MinimumVisualStudioVersion = 10.0.40219.1
Project("{FAE04EC0-301F-11D3-BF4B-00C04F79EFBC}") = "ConsoleApp1_Process_WaitForExit", "ConsoleApp1_Process_WaitForExit.csproj", "{19D93AD7-2F93-43D5-BE2D-A0B8E28DC3DA}"
EndProject
Global
	GlobalSection(SolutionConfigurationPlatforms) = preSolution
		Debug|Any CPU = Debug|Any CPU
		Release|Any CPU = Release|Any CPU
	EndGlobalSection
	GlobalSection(ProjectConfigurationPlatforms) = postSolution
		{19D93AD7-2F93-43D5-BE2D-A0B8E28DC3DA}.Debug|Any CPU.ActiveCfg = Debug|Any CPU
		{19D93AD7-2F93-43D5-BE2D-A0B8E28DC3DA}.Debug|Any CPU.Build.0 = Debug|Any CPU
		{19D93AD7-2F93-43D5-BE2D-A0B8E28DC3DA}.Release|Any CPU.ActiveCfg = Release|Any CPU
		{19D93AD7-2F93-43D5-BE2D-A0B8E28DC3DA}.Release|Any CPU.Build.0 = Release|Any CPU
	EndGlobalSection
	GlobalSection(SolutionProperties) = preSolution
		HideSolutionNode = FALSE
	EndGlobalSection
	GlobalSection(ExtensibilityGlobals) = postSolution
		SolutionGuid = {AC2E5CE1-371F-4F3B-B4E6-9848A7145B23}
	EndGlobalSection
EndGlobal
