
Microsoft Visual Studio Solution File, Format Version 12.00
# Visual Studio Version 16
VisualStudioVersion = 16.0.31129.286
MinimumVisualStudioVersion = 10.0.40219.1
Project("{FAE04EC0-301F-11D3-BF4B-00C04F79EFBC}") = "AvaloniaApplication3_Triggers2Styles", "AvaloniaApplication3_Triggers2Styles.csproj", "{E1BE98B5-83AE-44B6-A48F-FE3BC7279840}"
EndProject
Global
	GlobalSection(SolutionConfigurationPlatforms) = preSolution
		Debug|Any CPU = Debug|Any CPU
		Release|Any CPU = Release|Any CPU
	EndGlobalSection
	GlobalSection(ProjectConfigurationPlatforms) = postSolution
		{E1BE98B5-83AE-44B6-A48F-FE3BC7279840}.Debug|Any CPU.ActiveCfg = Debug|Any CPU
		{E1BE98B5-83AE-44B6-A48F-FE3BC7279840}.Debug|Any CPU.Build.0 = Debug|Any CPU
		{E1BE98B5-83AE-44B6-A48F-FE3BC7279840}.Release|Any CPU.ActiveCfg = Release|Any CPU
		{E1BE98B5-83AE-44B6-A48F-FE3BC7279840}.Release|Any CPU.Build.0 = Release|Any CPU
	EndGlobalSection
	GlobalSection(SolutionProperties) = preSolution
		HideSolutionNode = FALSE
	EndGlobalSection
	GlobalSection(ExtensibilityGlobals) = postSolution
		SolutionGuid = {F149A888-332F-4634-B447-8B967E0CE4FE}
	EndGlobalSection
EndGlobal
