
Microsoft Visual Studio Solution File, Format Version 12.00
# Visual Studio Version 16
VisualStudioVersion = 16.0.31129.286
MinimumVisualStudioVersion = 10.0.40219.1
Project("{FAE04EC0-301F-11D3-BF4B-00C04F79EFBC}") = "AvaloniaApplication18_ToolTip_BindingFromCode", "AvaloniaApplication18_ToolTip_BindingFromCode.csproj", "{FFCFFEF3-D3CC-4F2A-8790-67E41C1D298C}"
EndProject
Global
	GlobalSection(SolutionConfigurationPlatforms) = preSolution
		Debug|Any CPU = Debug|Any CPU
		Release|Any CPU = Release|Any CPU
	EndGlobalSection
	GlobalSection(ProjectConfigurationPlatforms) = postSolution
		{FFCFFEF3-D3CC-4F2A-8790-67E41C1D298C}.Debug|Any CPU.ActiveCfg = Debug|Any CPU
		{FFCFFEF3-D3CC-4F2A-8790-67E41C1D298C}.Debug|Any CPU.Build.0 = Debug|Any CPU
		{FFCFFEF3-D3CC-4F2A-8790-67E41C1D298C}.Release|Any CPU.ActiveCfg = Release|Any CPU
		{FFCFFEF3-D3CC-4F2A-8790-67E41C1D298C}.Release|Any CPU.Build.0 = Release|Any CPU
	EndGlobalSection
	GlobalSection(SolutionProperties) = preSolution
		HideSolutionNode = FALSE
	EndGlobalSection
	GlobalSection(ExtensibilityGlobals) = postSolution
		SolutionGuid = {4887F085-BB69-4672-AF7D-93BF2051C05E}
	EndGlobalSection
EndGlobal
