
Microsoft Visual Studio Solution File, Format Version 12.00
# Visual Studio Version 17
VisualStudioVersion = 17.10.35122.118
MinimumVisualStudioVersion = 10.0.40219.1
Project("{FAE04EC0-301F-11D3-BF4B-00C04F79EFBC}") = "AvaloniaApp1_InvalidProgramException", "AvaloniaApp1_InvalidProgramException.csproj", "{FDD0F824-7676-4E19-B6BD-DA6E4B607FA7}"
EndProject
Global
	GlobalSection(SolutionConfigurationPlatforms) = preSolution
		Debug|Any CPU = Debug|Any CPU
		Release|Any CPU = Release|Any CPU
	EndGlobalSection
	GlobalSection(ProjectConfigurationPlatforms) = postSolution
		{FDD0F824-7676-4E19-B6BD-DA6E4B607FA7}.Debug|Any CPU.ActiveCfg = Debug|Any CPU
		{FDD0F824-7676-4E19-B6BD-DA6E4B607FA7}.Debug|Any CPU.Build.0 = Debug|Any CPU
		{FDD0F824-7676-4E19-B6BD-DA6E4B607FA7}.Release|Any CPU.ActiveCfg = Release|Any CPU
		{FDD0F824-7676-4E19-B6BD-DA6E4B607FA7}.Release|Any CPU.Build.0 = Release|Any CPU
	EndGlobalSection
	GlobalSection(SolutionProperties) = preSolution
		HideSolutionNode = FALSE
	EndGlobalSection
	GlobalSection(ExtensibilityGlobals) = postSolution
		SolutionGuid = {99352717-E70F-4225-836A-E57E3E387543}
	EndGlobalSection
EndGlobal
