
Microsoft Visual Studio Solution File, Format Version 12.00
# Visual Studio Version 16
VisualStudioVersion = 16.0.31729.503
MinimumVisualStudioVersion = 10.0.40219.1
Project("{FAE04EC0-301F-11D3-BF4B-00C04F79EFBC}") = "AvaloniaApplication49_DockPanel", "AvaloniaApplication49_DockPanel.csproj", "{38E32C12-6BAB-4D0A-A212-22698B28200E}"
EndProject
Global
	GlobalSection(SolutionConfigurationPlatforms) = preSolution
		Debug|Any CPU = Debug|Any CPU
		Release|Any CPU = Release|Any CPU
	EndGlobalSection
	GlobalSection(ProjectConfigurationPlatforms) = postSolution
		{38E32C12-6BAB-4D0A-A212-22698B28200E}.Debug|Any CPU.ActiveCfg = Debug|Any CPU
		{38E32C12-6BAB-4D0A-A212-22698B28200E}.Debug|Any CPU.Build.0 = Debug|Any CPU
		{38E32C12-6BAB-4D0A-A212-22698B28200E}.Release|Any CPU.ActiveCfg = Release|Any CPU
		{38E32C12-6BAB-4D0A-A212-22698B28200E}.Release|Any CPU.Build.0 = Release|Any CPU
	EndGlobalSection
	GlobalSection(SolutionProperties) = preSolution
		HideSolutionNode = FALSE
	EndGlobalSection
	GlobalSection(ExtensibilityGlobals) = postSolution
		SolutionGuid = {42C59557-EE1D-4954-A79E-F2D6B0247685}
	EndGlobalSection
EndGlobal
