
Microsoft Visual Studio Solution File, Format Version 12.00
# Visual Studio Version 16
VisualStudioVersion = 16.0.31729.503
MinimumVisualStudioVersion = 10.0.40219.1
Project("{FAE04EC0-301F-11D3-BF4B-00C04F79EFBC}") = "AvaloniaApplication41_Button_Styles_Flawed", "AvaloniaApplication41_Button_Styles_Flawed.csproj", "{B7D1DC5F-48B2-42DC-A341-13C80AD772C3}"
EndProject
Global
	GlobalSection(SolutionConfigurationPlatforms) = preSolution
		Debug|Any CPU = Debug|Any CPU
		Release|Any CPU = Release|Any CPU
	EndGlobalSection
	GlobalSection(ProjectConfigurationPlatforms) = postSolution
		{B7D1DC5F-48B2-42DC-A341-13C80AD772C3}.Debug|Any CPU.ActiveCfg = Debug|Any CPU
		{B7D1DC5F-48B2-42DC-A341-13C80AD772C3}.Debug|Any CPU.Build.0 = Debug|Any CPU
		{B7D1DC5F-48B2-42DC-A341-13C80AD772C3}.Release|Any CPU.ActiveCfg = Release|Any CPU
		{B7D1DC5F-48B2-42DC-A341-13C80AD772C3}.Release|Any CPU.Build.0 = Release|Any CPU
	EndGlobalSection
	GlobalSection(SolutionProperties) = preSolution
		HideSolutionNode = FALSE
	EndGlobalSection
	GlobalSection(ExtensibilityGlobals) = postSolution
		SolutionGuid = {A385F2A4-1D1C-4E1A-A58C-4F55A1CF1543}
	EndGlobalSection
EndGlobal
