
Microsoft Visual Studio Solution File, Format Version 12.00
# Visual Studio Version 16
VisualStudioVersion = 16.0.31129.286
MinimumVisualStudioVersion = 10.0.40219.1
Project("{FAE04EC0-301F-11D3-BF4B-00C04F79EFBC}") = "AvaloniaApplication7_DragDrop", "AvaloniaApplication7_DragDrop.csproj", "{DA1F4B5D-6B48-4530-AC29-9BFDFC92992D}"
EndProject
Global
	GlobalSection(SolutionConfigurationPlatforms) = preSolution
		Debug|Any CPU = Debug|Any CPU
		Release|Any CPU = Release|Any CPU
	EndGlobalSection
	GlobalSection(ProjectConfigurationPlatforms) = postSolution
		{DA1F4B5D-6B48-4530-AC29-9BFDFC92992D}.Debug|Any CPU.ActiveCfg = Debug|Any CPU
		{DA1F4B5D-6B48-4530-AC29-9BFDFC92992D}.Debug|Any CPU.Build.0 = Debug|Any CPU
		{DA1F4B5D-6B48-4530-AC29-9BFDFC92992D}.Release|Any CPU.ActiveCfg = Release|Any CPU
		{DA1F4B5D-6B48-4530-AC29-9BFDFC92992D}.Release|Any CPU.Build.0 = Release|Any CPU
	EndGlobalSection
	GlobalSection(SolutionProperties) = preSolution
		HideSolutionNode = FALSE
	EndGlobalSection
	GlobalSection(ExtensibilityGlobals) = postSolution
		SolutionGuid = {718F417E-3BEA-4D61-8052-D926F30DAE2F}
	EndGlobalSection
EndGlobal
