
Microsoft Visual Studio Solution File, Format Version 12.00
# Visual Studio Version 16
VisualStudioVersion = 16.0.31729.503
MinimumVisualStudioVersion = 10.0.40219.1
Project("{FAE04EC0-301F-11D3-BF4B-00C04F79EFBC}") = "AvaloniaApplication47_ObserveOnUI", "AvaloniaApplication47_ObserveOnUI.csproj", "{7785A620-7FC5-4AA2-BF10-519E2773A1ED}"
EndProject
Global
	GlobalSection(SolutionConfigurationPlatforms) = preSolution
		Debug|Any CPU = Debug|Any CPU
		Release|Any CPU = Release|Any CPU
	EndGlobalSection
	GlobalSection(ProjectConfigurationPlatforms) = postSolution
		{7785A620-7FC5-4AA2-BF10-519E2773A1ED}.Debug|Any CPU.ActiveCfg = Debug|Any CPU
		{7785A620-7FC5-4AA2-BF10-519E2773A1ED}.Debug|Any CPU.Build.0 = Debug|Any CPU
		{7785A620-7FC5-4AA2-BF10-519E2773A1ED}.Release|Any CPU.ActiveCfg = Release|Any CPU
		{7785A620-7FC5-4AA2-BF10-519E2773A1ED}.Release|Any CPU.Build.0 = Release|Any CPU
	EndGlobalSection
	GlobalSection(SolutionProperties) = preSolution
		HideSolutionNode = FALSE
	EndGlobalSection
	GlobalSection(ExtensibilityGlobals) = postSolution
		SolutionGuid = {6CDE748E-A510-4228-8844-C7283D3DBBD4}
	EndGlobalSection
EndGlobal
