
Microsoft Visual Studio Solution File, Format Version 12.00
# Visual Studio Version 17
VisualStudioVersion = 17.9.34728.123
MinimumVisualStudioVersion = 10.0.40219.1
Project("{9A19103F-16F7-4668-BE54-9A1E7A4F7556}") = "DynamicDataTest", "DynamicDataTest.csproj", "{79B4371F-01E4-4117-AA91-FC17E7D708D0}"
EndProject
Global
	GlobalSection(SolutionConfigurationPlatforms) = preSolution
		Debug|Any CPU = Debug|Any CPU
		Release|Any CPU = Release|Any CPU
	EndGlobalSection
	GlobalSection(ProjectConfigurationPlatforms) = postSolution
		{79B4371F-01E4-4117-AA91-FC17E7D708D0}.Debug|Any CPU.ActiveCfg = Debug|Any CPU
		{79B4371F-01E4-4117-AA91-FC17E7D708D0}.Debug|Any CPU.Build.0 = Debug|Any CPU
		{79B4371F-01E4-4117-AA91-FC17E7D708D0}.Release|Any CPU.ActiveCfg = Release|Any CPU
		{79B4371F-01E4-4117-AA91-FC17E7D708D0}.Release|Any CPU.Build.0 = Release|Any CPU
	EndGlobalSection
	GlobalSection(SolutionProperties) = preSolution
		HideSolutionNode = FALSE
	EndGlobalSection
	GlobalSection(ExtensibilityGlobals) = postSolution
		SolutionGuid = {DD92D10A-FE2D-48CB-A990-6464B9F071F4}
	EndGlobalSection
EndGlobal
