
Microsoft Visual Studio Solution File, Format Version 12.00
# Visual Studio Version 16
VisualStudioVersion = 16.0.31129.286
MinimumVisualStudioVersion = 10.0.40219.1
Project("{FAE04EC0-301F-11D3-BF4B-00C04F79EFBC}") = "AvaloniaApplication8_FindInControlTemplate", "AvaloniaApplication8_FindInControlTemplate.csproj", "{87723DCF-EA21-49E5-9106-CBF9312F9FEC}"
EndProject
Global
	GlobalSection(SolutionConfigurationPlatforms) = preSolution
		Debug|Any CPU = Debug|Any CPU
		Release|Any CPU = Release|Any CPU
	EndGlobalSection
	GlobalSection(ProjectConfigurationPlatforms) = postSolution
		{87723DCF-EA21-49E5-9106-CBF9312F9FEC}.Debug|Any CPU.ActiveCfg = Debug|Any CPU
		{87723DCF-EA21-49E5-9106-CBF9312F9FEC}.Debug|Any CPU.Build.0 = Debug|Any CPU
		{87723DCF-EA21-49E5-9106-CBF9312F9FEC}.Release|Any CPU.ActiveCfg = Release|Any CPU
		{87723DCF-EA21-49E5-9106-CBF9312F9FEC}.Release|Any CPU.Build.0 = Release|Any CPU
	EndGlobalSection
	GlobalSection(SolutionProperties) = preSolution
		HideSolutionNode = FALSE
	EndGlobalSection
	GlobalSection(ExtensibilityGlobals) = postSolution
		SolutionGuid = {FF47A2E3-A0AF-4811-BD32-E9DC58E11B9D}
	EndGlobalSection
EndGlobal
