
Microsoft Visual Studio Solution File, Format Version 12.00
# Visual Studio Version 16
VisualStudioVersion = 16.0.31129.286
MinimumVisualStudioVersion = 10.0.40219.1
Project("{FAE04EC0-301F-11D3-BF4B-00C04F79EFBC}") = "AvaloniaApplication20_SyncPointControl", "AvaloniaApplication20_SyncPointControl.csproj", "{2BC5A81A-097D-43C5-A17F-02AC9AE35F14}"
EndProject
Global
	GlobalSection(SolutionConfigurationPlatforms) = preSolution
		Debug|Any CPU = Debug|Any CPU
		Release|Any CPU = Release|Any CPU
	EndGlobalSection
	GlobalSection(ProjectConfigurationPlatforms) = postSolution
		{2BC5A81A-097D-43C5-A17F-02AC9AE35F14}.Debug|Any CPU.ActiveCfg = Debug|Any CPU
		{2BC5A81A-097D-43C5-A17F-02AC9AE35F14}.Debug|Any CPU.Build.0 = Debug|Any CPU
		{2BC5A81A-097D-43C5-A17F-02AC9AE35F14}.Release|Any CPU.ActiveCfg = Release|Any CPU
		{2BC5A81A-097D-43C5-A17F-02AC9AE35F14}.Release|Any CPU.Build.0 = Release|Any CPU
	EndGlobalSection
	GlobalSection(SolutionProperties) = preSolution
		HideSolutionNode = FALSE
	EndGlobalSection
	GlobalSection(ExtensibilityGlobals) = postSolution
		SolutionGuid = {CDD27351-CC4E-48EC-8F49-C1C5029975F5}
	EndGlobalSection
EndGlobal
