
Microsoft Visual Studio Solution File, Format Version 12.00
# Visual Studio Version 17
VisualStudioVersion = 17.8.34408.163
MinimumVisualStudioVersion = 10.0.40219.1
Project("{FAE04EC0-301F-11D3-BF4B-00C04F79EFBC}") = "AvaloniaApp67_SideExpanderWithWrapPanel", "AvaloniaApp67_SideExpanderWithWrapPanel.csproj", "{C07DCEEA-7AD2-4FCF-A6E0-68B9D8F2EE7C}"
EndProject
Global
	GlobalSection(SolutionConfigurationPlatforms) = preSolution
		Debug|Any CPU = Debug|Any CPU
		Release|Any CPU = Release|Any CPU
	EndGlobalSection
	GlobalSection(ProjectConfigurationPlatforms) = postSolution
		{C07DCEEA-7AD2-4FCF-A6E0-68B9D8F2EE7C}.Debug|Any CPU.ActiveCfg = Debug|Any CPU
		{C07DCEEA-7AD2-4FCF-A6E0-68B9D8F2EE7C}.Debug|Any CPU.Build.0 = Debug|Any CPU
		{C07DCEEA-7AD2-4FCF-A6E0-68B9D8F2EE7C}.Release|Any CPU.ActiveCfg = Release|Any CPU
		{C07DCEEA-7AD2-4FCF-A6E0-68B9D8F2EE7C}.Release|Any CPU.Build.0 = Release|Any CPU
	EndGlobalSection
	GlobalSection(SolutionProperties) = preSolution
		HideSolutionNode = FALSE
	EndGlobalSection
	GlobalSection(ExtensibilityGlobals) = postSolution
		SolutionGuid = {14536E98-AE4C-429D-876C-879718FF59A6}
	EndGlobalSection
EndGlobal
