
Microsoft Visual Studio Solution File, Format Version 12.00
# Visual Studio Version 16
VisualStudioVersion = 16.0.31729.503
MinimumVisualStudioVersion = 10.0.40219.1
Project("{FAE04EC0-301F-11D3-BF4B-00C04F79EFBC}") = "WpfApp1_DispatcherTimer_On_BGThread", "WpfApp1_DispatcherTimer_On_BGThread.csproj", "{80C49AE4-5F17-41F4-99E8-F439248A6F20}"
EndProject
Global
	GlobalSection(SolutionConfigurationPlatforms) = preSolution
		Debug|Any CPU = Debug|Any CPU
		Release|Any CPU = Release|Any CPU
	EndGlobalSection
	GlobalSection(ProjectConfigurationPlatforms) = postSolution
		{80C49AE4-5F17-41F4-99E8-F439248A6F20}.Debug|Any CPU.ActiveCfg = Debug|Any CPU
		{80C49AE4-5F17-41F4-99E8-F439248A6F20}.Debug|Any CPU.Build.0 = Debug|Any CPU
		{80C49AE4-5F17-41F4-99E8-F439248A6F20}.Release|Any CPU.ActiveCfg = Release|Any CPU
		{80C49AE4-5F17-41F4-99E8-F439248A6F20}.Release|Any CPU.Build.0 = Release|Any CPU
	EndGlobalSection
	GlobalSection(SolutionProperties) = preSolution
		HideSolutionNode = FALSE
	EndGlobalSection
	GlobalSection(ExtensibilityGlobals) = postSolution
		SolutionGuid = {FBF86A74-0582-4210-B5AF-8B3C732406B5}
	EndGlobalSection
EndGlobal
