
Microsoft Visual Studio Solution File, Format Version 12.00
# Visual Studio Version 16
VisualStudioVersion = 16.0.31129.286
MinimumVisualStudioVersion = 10.0.40219.1
Project("{FAE04EC0-301F-11D3-BF4B-00C04F79EFBC}") = "AvaloniaApplication30_CustomContentControl", "AvaloniaApplication30_CustomContentControl.csproj", "{6E4DD8BF-6503-490F-9C30-C82AA5F74A37}"
EndProject
Global
	GlobalSection(SolutionConfigurationPlatforms) = preSolution
		Debug|Any CPU = Debug|Any CPU
		Release|Any CPU = Release|Any CPU
	EndGlobalSection
	GlobalSection(ProjectConfigurationPlatforms) = postSolution
		{6E4DD8BF-6503-490F-9C30-C82AA5F74A37}.Debug|Any CPU.ActiveCfg = Debug|Any CPU
		{6E4DD8BF-6503-490F-9C30-C82AA5F74A37}.Debug|Any CPU.Build.0 = Debug|Any CPU
		{6E4DD8BF-6503-490F-9C30-C82AA5F74A37}.Release|Any CPU.ActiveCfg = Release|Any CPU
		{6E4DD8BF-6503-490F-9C30-C82AA5F74A37}.Release|Any CPU.Build.0 = Release|Any CPU
	EndGlobalSection
	GlobalSection(SolutionProperties) = preSolution
		HideSolutionNode = FALSE
	EndGlobalSection
	GlobalSection(ExtensibilityGlobals) = postSolution
		SolutionGuid = {769A519E-4AB4-4E27-8E18-39AA64801524}
	EndGlobalSection
EndGlobal
