
Microsoft Visual Studio Solution File, Format Version 12.00
# Visual Studio Version 16
VisualStudioVersion = 16.0.31129.286
MinimumVisualStudioVersion = 10.0.40219.1
Project("{FAE04EC0-301F-11D3-BF4B-00C04F79EFBC}") = "AvaloniaApplication36_DragAndDrop", "AvaloniaApplication36_DragAndDrop.csproj", "{0CEBCE9F-15F0-4A56-BF31-63F7D47B3FBC}"
EndProject
Global
	GlobalSection(SolutionConfigurationPlatforms) = preSolution
		Debug|Any CPU = Debug|Any CPU
		Release|Any CPU = Release|Any CPU
	EndGlobalSection
	GlobalSection(ProjectConfigurationPlatforms) = postSolution
		{0CEBCE9F-15F0-4A56-BF31-63F7D47B3FBC}.Debug|Any CPU.ActiveCfg = Debug|Any CPU
		{0CEBCE9F-15F0-4A56-BF31-63F7D47B3FBC}.Debug|Any CPU.Build.0 = Debug|Any CPU
		{0CEBCE9F-15F0-4A56-BF31-63F7D47B3FBC}.Release|Any CPU.ActiveCfg = Release|Any CPU
		{0CEBCE9F-15F0-4A56-BF31-63F7D47B3FBC}.Release|Any CPU.Build.0 = Release|Any CPU
	EndGlobalSection
	GlobalSection(SolutionProperties) = preSolution
		HideSolutionNode = FALSE
	EndGlobalSection
	GlobalSection(ExtensibilityGlobals) = postSolution
		SolutionGuid = {4C25E25A-0BEE-48EF-93A4-2CDCC6ED9B6A}
	EndGlobalSection
EndGlobal
