
Microsoft Visual Studio Solution File, Format Version 12.00
# Visual Studio Version 16
VisualStudioVersion = 16.0.31129.286
MinimumVisualStudioVersion = 10.0.40219.1
Project("{FAE04EC0-301F-11D3-BF4B-00C04F79EFBC}") = "AvaloniaApplication29_Panel", "AvaloniaApplication29_Panel.csproj", "{216A2EB8-BBBB-4BFF-B528-976D6CD616ED}"
EndProject
Global
	GlobalSection(SolutionConfigurationPlatforms) = preSolution
		Debug|Any CPU = Debug|Any CPU
		Release|Any CPU = Release|Any CPU
	EndGlobalSection
	GlobalSection(ProjectConfigurationPlatforms) = postSolution
		{216A2EB8-BBBB-4BFF-B528-976D6CD616ED}.Debug|Any CPU.ActiveCfg = Debug|Any CPU
		{216A2EB8-BBBB-4BFF-B528-976D6CD616ED}.Debug|Any CPU.Build.0 = Debug|Any CPU
		{216A2EB8-BBBB-4BFF-B528-976D6CD616ED}.Release|Any CPU.ActiveCfg = Release|Any CPU
		{216A2EB8-BBBB-4BFF-B528-976D6CD616ED}.Release|Any CPU.Build.0 = Release|Any CPU
	EndGlobalSection
	GlobalSection(SolutionProperties) = preSolution
		HideSolutionNode = FALSE
	EndGlobalSection
	GlobalSection(ExtensibilityGlobals) = postSolution
		SolutionGuid = {0E703D4A-7AC5-48BE-BBF9-92BC70346F2E}
	EndGlobalSection
EndGlobal
