
Microsoft Visual Studio Solution File, Format Version 12.00
# Visual Studio Version 16
VisualStudioVersion = 16.0.31729.503
MinimumVisualStudioVersion = 10.0.40219.1
Project("{FAE04EC0-301F-11D3-BF4B-00C04F79EFBC}") = "ConsoleApp1_OpenFileForExclusiveAccess", "ConsoleApp1_OpenFileForExclusiveAccess.csproj", "{1EE45908-EF03-447F-9C4A-BA97EF5BB33A}"
EndProject
Global
	GlobalSection(SolutionConfigurationPlatforms) = preSolution
		Debug|Any CPU = Debug|Any CPU
		Release|Any CPU = Release|Any CPU
	EndGlobalSection
	GlobalSection(ProjectConfigurationPlatforms) = postSolution
		{1EE45908-EF03-447F-9C4A-BA97EF5BB33A}.Debug|Any CPU.ActiveCfg = Debug|Any CPU
		{1EE45908-EF03-447F-9C4A-BA97EF5BB33A}.Debug|Any CPU.Build.0 = Debug|Any CPU
		{1EE45908-EF03-447F-9C4A-BA97EF5BB33A}.Release|Any CPU.ActiveCfg = Release|Any CPU
		{1EE45908-EF03-447F-9C4A-BA97EF5BB33A}.Release|Any CPU.Build.0 = Release|Any CPU
	EndGlobalSection
	GlobalSection(SolutionProperties) = preSolution
		HideSolutionNode = FALSE
	EndGlobalSection
	GlobalSection(ExtensibilityGlobals) = postSolution
		SolutionGuid = {B2F49A98-0339-49D7-B9C7-50857B0DF3A5}
	EndGlobalSection
EndGlobal
