
Microsoft Visual Studio Solution File, Format Version 12.00
# Visual Studio Version 16
VisualStudioVersion = 16.0.31129.286
MinimumVisualStudioVersion = 10.0.40219.1
Project("{FAE04EC0-301F-11D3-BF4B-00C04F79EFBC}") = "AvaloniaApplication23_LayoutPerformance", "AvaloniaApplication23_LayoutPerformance.csproj", "{DA2AA0F0-AB0B-4454-A146-A292BF711F40}"
EndProject
Global
	GlobalSection(SolutionConfigurationPlatforms) = preSolution
		Debug|Any CPU = Debug|Any CPU
		Release|Any CPU = Release|Any CPU
	EndGlobalSection
	GlobalSection(ProjectConfigurationPlatforms) = postSolution
		{DA2AA0F0-AB0B-4454-A146-A292BF711F40}.Debug|Any CPU.ActiveCfg = Debug|Any CPU
		{DA2AA0F0-AB0B-4454-A146-A292BF711F40}.Debug|Any CPU.Build.0 = Debug|Any CPU
		{DA2AA0F0-AB0B-4454-A146-A292BF711F40}.Release|Any CPU.ActiveCfg = Release|Any CPU
		{DA2AA0F0-AB0B-4454-A146-A292BF711F40}.Release|Any CPU.Build.0 = Release|Any CPU
	EndGlobalSection
	GlobalSection(SolutionProperties) = preSolution
		HideSolutionNode = FALSE
	EndGlobalSection
	GlobalSection(ExtensibilityGlobals) = postSolution
		SolutionGuid = {9EDEEF0F-7C65-4169-BB07-445C91FE53B5}
	EndGlobalSection
EndGlobal
