
Microsoft Visual Studio Solution File, Format Version 12.00
# Visual Studio Version 16
VisualStudioVersion = 16.0.32126.315
MinimumVisualStudioVersion = 10.0.40219.1
Project("{FAE04EC0-301F-11D3-BF4B-00C04F79EFBC}") = "WpfApp9_PreviousArrangeMeasure_Cached", "WpfApp9_PreviousArrangeMeasure_Cached.csproj", "{EC4AE184-D1DA-4C36-B848-C3691C46E077}"
EndProject
Global
	GlobalSection(SolutionConfigurationPlatforms) = preSolution
		Debug|Any CPU = Debug|Any CPU
		Release|Any CPU = Release|Any CPU
	EndGlobalSection
	GlobalSection(ProjectConfigurationPlatforms) = postSolution
		{EC4AE184-D1DA-4C36-B848-C3691C46E077}.Debug|Any CPU.ActiveCfg = Debug|Any CPU
		{EC4AE184-D1DA-4C36-B848-C3691C46E077}.Debug|Any CPU.Build.0 = Debug|Any CPU
		{EC4AE184-D1DA-4C36-B848-C3691C46E077}.Release|Any CPU.ActiveCfg = Release|Any CPU
		{EC4AE184-D1DA-4C36-B848-C3691C46E077}.Release|Any CPU.Build.0 = Release|Any CPU
	EndGlobalSection
	GlobalSection(SolutionProperties) = preSolution
		HideSolutionNode = FALSE
	EndGlobalSection
	GlobalSection(ExtensibilityGlobals) = postSolution
		SolutionGuid = {1E97520B-F9DB-4504-96A4-1B37B3A1D6DB}
	EndGlobalSection
EndGlobal
